
Microsoft Visual Studio Solution File, Format Version 12.00
Project("{FAE04EC0-301F-11D3-BF4B-00C04F79EFBC}") = "LiteEval", "LiteEval\LiteEval.csproj", "{77031F72-7EC5-4C5E-9D52-137DCA52E630}"
EndProject
Project("{FAE04EC0-301F-11D3-BF4B-00C04F79EFBC}") = "EvalTest", "EvalTest\EvalTest.csproj", "{15404405-4EF0-4B7B-A866-3FDE2184745A}"
EndProject
Project("{FAE04EC0-301F-11D3-BF4B-00C04F79EFBC}") = "Benchmark", "Benchmark\Benchmark.csproj", "{AE0F7CF3-164F-4870-852D-6C67B2220D49}"
EndProject
Global
	GlobalSection(SolutionConfigurationPlatforms) = preSolution
		Debug|Any CPU = Debug|Any CPU
		Release|Any CPU = Release|Any CPU
	EndGlobalSection
	GlobalSection(ProjectConfigurationPlatforms) = postSolution
		{77031F72-7EC5-4C5E-9D52-137DCA52E630}.Debug|Any CPU.ActiveCfg = Debug|Any CPU
		{77031F72-7EC5-4C5E-9D52-137DCA52E630}.Debug|Any CPU.Build.0 = Debug|Any CPU
		{77031F72-7EC5-4C5E-9D52-137DCA52E630}.Release|Any CPU.ActiveCfg = Release|Any CPU
		{77031F72-7EC5-4C5E-9D52-137DCA52E630}.Release|Any CPU.Build.0 = Release|Any CPU
		{15404405-4EF0-4B7B-A866-3FDE2184745A}.Debug|Any CPU.ActiveCfg = Debug|Any CPU
		{15404405-4EF0-4B7B-A866-3FDE2184745A}.Debug|Any CPU.Build.0 = Debug|Any CPU
		{15404405-4EF0-4B7B-A866-3FDE2184745A}.Release|Any CPU.ActiveCfg = Release|Any CPU
		{15404405-4EF0-4B7B-A866-3FDE2184745A}.Release|Any CPU.Build.0 = Release|Any CPU
		{AE0F7CF3-164F-4870-852D-6C67B2220D49}.Debug|Any CPU.ActiveCfg = Debug|Any CPU
		{AE0F7CF3-164F-4870-852D-6C67B2220D49}.Debug|Any CPU.Build.0 = Debug|Any CPU
		{AE0F7CF3-164F-4870-852D-6C67B2220D49}.Release|Any CPU.ActiveCfg = Release|Any CPU
		{AE0F7CF3-164F-4870-852D-6C67B2220D49}.Release|Any CPU.Build.0 = Release|Any CPU
	EndGlobalSection
EndGlobal
