
Microsoft Visual Studio Solution File, Format Version 12.00
Project("{FAE04EC0-301F-11D3-BF4B-00C04F79EFBC}") = "LiteEval", "LiteEval.csproj", "{1D0BAC17-F7A9-4E34-ABB1-AB3E29EEA287}"
EndProject
Project("{FAE04EC0-301F-11D3-BF4B-00C04F79EFBC}") = "EvalTest", "..\EvalTest\EvalTest.csproj", "{C1BA093B-4571-4024-982C-CB9C6ECDE9AD}"
EndProject
Project("{FAE04EC0-301F-11D3-BF4B-00C04F79EFBC}") = "Benchmark", "..\Benchmark\Benchmark.csproj", "{66F530A4-E60F-42F9-A7AF-9B47A805BCC5}"
EndProject
Global
	GlobalSection(SolutionConfigurationPlatforms) = preSolution
		Debug|Any CPU = Debug|Any CPU
		Release|Any CPU = Release|Any CPU
	EndGlobalSection
	GlobalSection(ProjectConfigurationPlatforms) = postSolution
		{1D0BAC17-F7A9-4E34-ABB1-AB3E29EEA287}.Debug|Any CPU.ActiveCfg = Debug|Any CPU
		{1D0BAC17-F7A9-4E34-ABB1-AB3E29EEA287}.Debug|Any CPU.Build.0 = Debug|Any CPU
		{1D0BAC17-F7A9-4E34-ABB1-AB3E29EEA287}.Release|Any CPU.ActiveCfg = Release|Any CPU
		{1D0BAC17-F7A9-4E34-ABB1-AB3E29EEA287}.Release|Any CPU.Build.0 = Release|Any CPU
		{C1BA093B-4571-4024-982C-CB9C6ECDE9AD}.Debug|Any CPU.ActiveCfg = Debug|Any CPU
		{C1BA093B-4571-4024-982C-CB9C6ECDE9AD}.Debug|Any CPU.Build.0 = Debug|Any CPU
		{C1BA093B-4571-4024-982C-CB9C6ECDE9AD}.Release|Any CPU.ActiveCfg = Release|Any CPU
		{C1BA093B-4571-4024-982C-CB9C6ECDE9AD}.Release|Any CPU.Build.0 = Release|Any CPU
		{66F530A4-E60F-42F9-A7AF-9B47A805BCC5}.Debug|Any CPU.ActiveCfg = Debug|Any CPU
		{66F530A4-E60F-42F9-A7AF-9B47A805BCC5}.Debug|Any CPU.Build.0 = Debug|Any CPU
		{66F530A4-E60F-42F9-A7AF-9B47A805BCC5}.Release|Any CPU.ActiveCfg = Release|Any CPU
		{66F530A4-E60F-42F9-A7AF-9B47A805BCC5}.Release|Any CPU.Build.0 = Release|Any CPU
	EndGlobalSection
EndGlobal
